
Microsoft Visual Studio Solution File, Format Version 12.00
Project("{FAE04EC0-301F-11D3-BF4B-00C04F79EFBC}") = "easj-sem3-udp-server", "easj-sem3-udp-server\easj-sem3-udp-server.csproj", "{7FABB2A2-D71B-4B51-83E8-4E7270AD38E5}"
EndProject
Project("{FAE04EC0-301F-11D3-BF4B-00C04F79EFBC}") = "client", "client\client.csproj", "{5A1700AF-E11E-4211-844B-030CF5E5917D}"
EndProject
Global
	GlobalSection(SolutionConfigurationPlatforms) = preSolution
		Debug|Any CPU = Debug|Any CPU
		Release|Any CPU = Release|Any CPU
	EndGlobalSection
	GlobalSection(ProjectConfigurationPlatforms) = postSolution
		{7FABB2A2-D71B-4B51-83E8-4E7270AD38E5}.Debug|Any CPU.ActiveCfg = Debug|Any CPU
		{7FABB2A2-D71B-4B51-83E8-4E7270AD38E5}.Debug|Any CPU.Build.0 = Debug|Any CPU
		{7FABB2A2-D71B-4B51-83E8-4E7270AD38E5}.Release|Any CPU.ActiveCfg = Release|Any CPU
		{7FABB2A2-D71B-4B51-83E8-4E7270AD38E5}.Release|Any CPU.Build.0 = Release|Any CPU
		{5A1700AF-E11E-4211-844B-030CF5E5917D}.Debug|Any CPU.ActiveCfg = Debug|Any CPU
		{5A1700AF-E11E-4211-844B-030CF5E5917D}.Debug|Any CPU.Build.0 = Debug|Any CPU
		{5A1700AF-E11E-4211-844B-030CF5E5917D}.Release|Any CPU.ActiveCfg = Release|Any CPU
		{5A1700AF-E11E-4211-844B-030CF5E5917D}.Release|Any CPU.Build.0 = Release|Any CPU
	EndGlobalSection
EndGlobal
